// !$*UTF8*$!
{
	archiveVersion = 1;
	classes = {
	};
	objectVersion = 50;
	objects = {

/* Begin PBXBuildFile section */
		1A81307D26366FCD00E9DB5C /* AppDelegate.swift in Sources */ = {isa = PBXBuildFile; fileRef = 1A81307C26366FCD00E9DB5C /* AppDelegate.swift */; };
		1A81307F26366FCD00E9DB5C /* SceneDelegate.swift in Sources */ = {isa = PBXBuildFile; fileRef = 1A81307E26366FCD00E9DB5C /* SceneDelegate.swift */; };
		1A81308126366FCD00E9DB5C /* ViewController.swift in Sources */ = {isa = PBXBuildFile; fileRef = 1A81308026366FCD00E9DB5C /* ViewController.swift */; };
		1A81308426366FCD00E9DB5C /* Main.storyboard in Resources */ = {isa = PBXBuildFile; fileRef = 1A81308226366FCD00E9DB5C /* Main.storyboard */; };
		1A81308726366FCD00E9DB5C /* DevSQLite.xcdatamodeld in Sources */ = {isa = PBXBuildFile; fileRef = 1A81308526366FCD00E9DB5C /* DevSQLite.xcdatamodeld */; };
		1A81308926366FCE00E9DB5C /* Assets.xcassets in Resources */ = {isa = PBXBuildFile; fileRef = 1A81308826366FCE00E9DB5C /* Assets.xcassets */; };
		1A81308C26366FCE00E9DB5C /* LaunchScreen.storyboard in Resources */ = {isa = PBXBuildFile; fileRef = 1A81308A26366FCE00E9DB5C /* LaunchScreen.storyboard */; };
		1A81309726366FCF00E9DB5C /* DevSQLiteTests.swift in Sources */ = {isa = PBXBuildFile; fileRef = 1A81309626366FCF00E9DB5C /* DevSQLiteTests.swift */; };
		1A8130A226366FCF00E9DB5C /* DevSQLiteUITests.swift in Sources */ = {isa = PBXBuildFile; fileRef = 1A8130A126366FCF00E9DB5C /* DevSQLiteUITests.swift */; };
		1A8130B52636720F00E9DB5C /* ItemCellTableViewCell.swift in Sources */ = {isa = PBXBuildFile; fileRef = 1A8130B32636720F00E9DB5C /* ItemCellTableViewCell.swift */; };
		1A8130B62636720F00E9DB5C /* ItemCellTableViewCell.xib in Resources */ = {isa = PBXBuildFile; fileRef = 1A8130B42636720F00E9DB5C /* ItemCellTableViewCell.xib */; };
		1A8130BC2636756D00E9DB5C /* Person.swift in Sources */ = {isa = PBXBuildFile; fileRef = 1A8130BB2636756D00E9DB5C /* Person.swift */; };
		1A8130C12636761B00E9DB5C /* DBHelper.swift in Sources */ = {isa = PBXBuildFile; fileRef = 1A8130C02636761B00E9DB5C /* DBHelper.swift */; };
/* End PBXBuildFile section */

/* Begin PBXContainerItemProxy section */
		1A81309326366FCF00E9DB5C /* PBXContainerItemProxy */ = {
			isa = PBXContainerItemProxy;
			containerPortal = 1A81307126366FCD00E9DB5C /* Project object */;
			proxyType = 1;
			remoteGlobalIDString = 1A81307826366FCD00E9DB5C;
			remoteInfo = DevSQLite;
		};
		1A81309E26366FCF00E9DB5C /* PBXContainerItemProxy */ = {
			isa = PBXContainerItemProxy;
			containerPortal = 1A81307126366FCD00E9DB5C /* Project object */;
			proxyType = 1;
			remoteGlobalIDString = 1A81307826366FCD00E9DB5C;
			remoteInfo = DevSQLite;
		};
/* End PBXContainerItemProxy section */

/* Begin PBXFileReference section */
		1A81307926366FCD00E9DB5C /* DevSQLite.app */ = {isa = PBXFileReference; explicitFileType = wrapper.application; includeInIndex = 0; path = DevSQLite.app; sourceTree = BUILT_PRODUCTS_DIR; };
		1A81307C26366FCD00E9DB5C /* AppDelegate.swift */ = {isa = PBXFileReference; lastKnownFileType = sourcecode.swift; path = AppDelegate.swift; sourceTree = "<group>"; };
		1A81307E26366FCD00E9DB5C /* SceneDelegate.swift */ = {isa = PBXFileReference; lastKnownFileType = sourcecode.swift; path = SceneDelegate.swift; sourceTree = "<group>"; };
		1A81308026366FCD00E9DB5C /* ViewController.swift */ = {isa = PBXFileReference; lastKnownFileType = sourcecode.swift; path = ViewController.swift; sourceTree = "<group>"; };
		1A81308326366FCD00E9DB5C /* Base */ = {isa = PBXFileReference; lastKnownFileType = file.storyboard; name = Base; path = Base.lproj/Main.storyboard; sourceTree = "<group>"; };
		1A81308626366FCD00E9DB5C /* DevSQLite.xcdatamodel */ = {isa = PBXFileReference; lastKnownFileType = wrapper.xcdatamodel; path = DevSQLite.xcdatamodel; sourceTree = "<group>"; };
		1A81308826366FCE00E9DB5C /* Assets.xcassets */ = {isa = PBXFileReference; lastKnownFileType = folder.assetcatalog; path = Assets.xcassets; sourceTree = "<group>"; };
		1A81308B26366FCE00E9DB5C /* Base */ = {isa = PBXFileReference; lastKnownFileType = file.storyboard; name = Base; path = Base.lproj/LaunchScreen.storyboard; sourceTree = "<group>"; };
		1A81308D26366FCE00E9DB5C /* Info.plist */ = {isa = PBXFileReference; lastKnownFileType = text.plist.xml; path = Info.plist; sourceTree = "<group>"; };
		1A81309226366FCF00E9DB5C /* DevSQLiteTests.xctest */ = {isa = PBXFileReference; explicitFileType = wrapper.cfbundle; includeInIndex = 0; path = DevSQLiteTests.xctest; sourceTree = BUILT_PRODUCTS_DIR; };
		1A81309626366FCF00E9DB5C /* DevSQLiteTests.swift */ = {isa = PBXFileReference; lastKnownFileType = sourcecode.swift; path = DevSQLiteTests.swift; sourceTree = "<group>"; };
		1A81309826366FCF00E9DB5C /* Info.plist */ = {isa = PBXFileReference; lastKnownFileType = text.plist.xml; path = Info.plist; sourceTree = "<group>"; };
		1A81309D26366FCF00E9DB5C /* DevSQLiteUITests.xctest */ = {isa = PBXFileReference; explicitFileType = wrapper.cfbundle; includeInIndex = 0; path = DevSQLiteUITests.xctest; sourceTree = BUILT_PRODUCTS_DIR; };
		1A8130A126366FCF00E9DB5C /* DevSQLiteUITests.swift */ = {isa = PBXFileReference; lastKnownFileType = sourcecode.swift; path = DevSQLiteUITests.swift; sourceTree = "<group>"; };
		1A8130A326366FCF00E9DB5C /* Info.plist */ = {isa = PBXFileReference; lastKnownFileType = text.plist.xml; path = Info.plist; sourceTree = "<group>"; };
		1A8130B32636720F00E9DB5C /* ItemCellTableViewCell.swift */ = {isa = PBXFileReference; lastKnownFileType = sourcecode.swift; path = ItemCellTableViewCell.swift; sourceTree = "<group>"; };
		1A8130B42636720F00E9DB5C /* ItemCellTableViewCell.xib */ = {isa = PBXFileReference; lastKnownFileType = file.xib; path = ItemCellTableViewCell.xib; sourceTree = "<group>"; };
		1A8130BB2636756D00E9DB5C /* Person.swift */ = {isa = PBXFileReference; lastKnownFileType = sourcecode.swift; path = Person.swift; sourceTree = "<group>"; };
		1A8130C02636761B00E9DB5C /* DBHelper.swift */ = {isa = PBXFileReference; lastKnownFileType = sourcecode.swift; path = DBHelper.swift; sourceTree = "<group>"; };
/* End PBXFileReference section */

/* Begin PBXFrameworksBuildPhase section */
		1A81307626366FCD00E9DB5C /* Frameworks */ = {
			isa = PBXFrameworksBuildPhase;
			buildActionMask = 2147483647;
			files = (
			);
			runOnlyForDeploymentPostprocessing = 0;
		};
		1A81308F26366FCF00E9DB5C /* Frameworks */ = {
			isa = PBXFrameworksBuildPhase;
			buildActionMask = 2147483647;
			files = (
			);
			runOnlyForDeploymentPostprocessing = 0;
		};
		1A81309A26366FCF00E9DB5C /* Frameworks */ = {
			isa = PBXFrameworksBuildPhase;
			buildActionMask = 2147483647;
			files = (
			);
			runOnlyForDeploymentPostprocessing = 0;
		};
/* End PBXFrameworksBuildPhase section */

/* Begin PBXGroup section */
		1A81307026366FCD00E9DB5C = {
			isa = PBXGroup;
			children = (
				1A81307B26366FCD00E9DB5C /* DevSQLite */,
				1A81309526366FCF00E9DB5C /* DevSQLiteTests */,
				1A8130A026366FCF00E9DB5C /* DevSQLiteUITests */,
				1A81307A26366FCD00E9DB5C /* Products */,
			);
			sourceTree = "<group>";
		};
		1A81307A26366FCD00E9DB5C /* Products */ = {
			isa = PBXGroup;
			children = (
				1A81307926366FCD00E9DB5C /* DevSQLite.app */,
				1A81309226366FCF00E9DB5C /* DevSQLiteTests.xctest */,
				1A81309D26366FCF00E9DB5C /* DevSQLiteUITests.xctest */,
			);
			name = Products;
			sourceTree = "<group>";
		};
		1A81307B26366FCD00E9DB5C /* DevSQLite */ = {
			isa = PBXGroup;
			children = (
				1A8130B2263671F300E9DB5C /* Nib */,
				1A81307C26366FCD00E9DB5C /* AppDelegate.swift */,
				1A81307E26366FCD00E9DB5C /* SceneDelegate.swift */,
				1A81308026366FCD00E9DB5C /* ViewController.swift */,
				1A81308226366FCD00E9DB5C /* Main.storyboard */,
				1A81308826366FCE00E9DB5C /* Assets.xcassets */,
				1A81308A26366FCE00E9DB5C /* LaunchScreen.storyboard */,
				1A81308D26366FCE00E9DB5C /* Info.plist */,
				1A81308526366FCD00E9DB5C /* DevSQLite.xcdatamodeld */,
				1A8130BB2636756D00E9DB5C /* Person.swift */,
				1A8130C02636761B00E9DB5C /* DBHelper.swift */,
			);
			path = DevSQLite;
			sourceTree = "<group>";
		};
		1A81309526366FCF00E9DB5C /* DevSQLiteTests */ = {
			isa = PBXGroup;
			children = (
				1A81309626366FCF00E9DB5C /* DevSQLiteTests.swift */,
				1A81309826366FCF00E9DB5C /* Info.plist */,
			);
			path = DevSQLiteTests;
			sourceTree = "<group>";
		};
		1A8130A026366FCF00E9DB5C /* DevSQLiteUITests */ = {
			isa = PBXGroup;
			children = (
				1A8130A126366FCF00E9DB5C /* DevSQLiteUITests.swift */,
				1A8130A326366FCF00E9DB5C /* Info.plist */,
			);
			path = DevSQLiteUITests;
			sourceTree = "<group>";
		};
		1A8130B2263671F300E9DB5C /* Nib */ = {
			isa = PBXGroup;
			children = (
				1A8130B32636720F00E9DB5C /* ItemCellTableViewCell.swift */,
				1A8130B42636720F00E9DB5C /* ItemCellTableViewCell.xib */,
			);
			path = Nib;
			sourceTree = "<group>";
		};
/* End PBXGroup section */

/* Begin PBXNativeTarget section */
		1A81307826366FCD00E9DB5C /* DevSQLite */ = {
			isa = PBXNativeTarget;
			buildConfigurationList = 1A8130A626366FCF00E9DB5C /* Build configuration list for PBXNativeTarget "DevSQLite" */;
			buildPhases = (
				1A81307526366FCD00E9DB5C /* Sources */,
				1A81307626366FCD00E9DB5C /* Frameworks */,
				1A81307726366FCD00E9DB5C /* Resources */,
			);
			buildRules = (
			);
			dependencies = (
			);
			name = DevSQLite;
			productName = DevSQLite;
			productReference = 1A81307926366FCD00E9DB5C /* DevSQLite.app */;
			productType = "com.apple.product-type.application";
		};
		1A81309126366FCF00E9DB5C /* DevSQLiteTests */ = {
			isa = PBXNativeTarget;
			buildConfigurationList = 1A8130A926366FCF00E9DB5C /* Build configuration list for PBXNativeTarget "DevSQLiteTests" */;
			buildPhases = (
				1A81308E26366FCF00E9DB5C /* Sources */,
				1A81308F26366FCF00E9DB5C /* Frameworks */,
				1A81309026366FCF00E9DB5C /* Resources */,
			);
			buildRules = (
			);
			dependencies = (
				1A81309426366FCF00E9DB5C /* PBXTargetDependency */,
			);
			name = DevSQLiteTests;
			productName = DevSQLiteTests;
			productReference = 1A81309226366FCF00E9DB5C /* DevSQLiteTests.xctest */;
			productType = "com.apple.product-type.bundle.unit-test";
		};
		1A81309C26366FCF00E9DB5C /* DevSQLiteUITests */ = {
			isa = PBXNativeTarget;
			buildConfigurationList = 1A8130AC26366FCF00E9DB5C /* Build configuration list for PBXNativeTarget "DevSQLiteUITests" */;
			buildPhases = (
				1A81309926366FCF00E9DB5C /* Sources */,
				1A81309A26366FCF00E9DB5C /* Frameworks */,
				1A81309B26366FCF00E9DB5C /* Resources */,
			);
			buildRules = (
			);
			dependencies = (
				1A81309F26366FCF00E9DB5C /* PBXTargetDependency */,
			);
			name = DevSQLiteUITests;
			productName = DevSQLiteUITests;
			productReference = 1A81309D26366FCF00E9DB5C /* DevSQLiteUITests.xctest */;
			productType = "com.apple.product-type.bundle.ui-testing";
		};
/* End PBXNativeTarget section */

/* Begin PBXProject section */
		1A81307126366FCD00E9DB5C /* Project object */ = {
			isa = PBXProject;
			attributes = {
				LastSwiftUpdateCheck = 1200;
				LastUpgradeCheck = 1200;
				TargetAttributes = {
					1A81307826366FCD00E9DB5C = {
						CreatedOnToolsVersion = 12.0.1;
					};
					1A81309126366FCF00E9DB5C = {
						CreatedOnToolsVersion = 12.0.1;
						TestTargetID = 1A81307826366FCD00E9DB5C;
					};
					1A81309C26366FCF00E9DB5C = {
						CreatedOnToolsVersion = 12.0.1;
						TestTargetID = 1A81307826366FCD00E9DB5C;
					};
				};
			};
			buildConfigurationList = 1A81307426366FCD00E9DB5C /* Build configuration list for PBXProject "DevSQLite" */;
			compatibilityVersion = "Xcode 9.3";
			developmentRegion = en;
			hasScannedForEncodings = 0;
			knownRegions = (
				en,
				Base,
			);
			mainGroup = 1A81307026366FCD00E9DB5C;
			productRefGroup = 1A81307A26366FCD00E9DB5C /* Products */;
			projectDirPath = "";
			projectRoot = "";
			targets = (
				1A81307826366FCD00E9DB5C /* DevSQLite */,
				1A81309126366FCF00E9DB5C /* DevSQLiteTests */,
				1A81309C26366FCF00E9DB5C /* DevSQLiteUITests */,
			);
		};
/* End PBXProject section */

/* Begin PBXResourcesBuildPhase section */
		1A81307726366FCD00E9DB5C /* Resources */ = {
			isa = PBXResourcesBuildPhase;
			buildActionMask = 2147483647;
			files = (
				1A8130B62636720F00E9DB5C /* ItemCellTableViewCell.xib in Resources */,
				1A81308C26366FCE00E9DB5C /* LaunchScreen.storyboard in Resources */,
				1A81308926366FCE00E9DB5C /* Assets.xcassets in Resources */,
				1A81308426366FCD00E9DB5C /* Main.storyboard in Resources */,
			);
			runOnlyForDeploymentPostprocessing = 0;
		};
		1A81309026366FCF00E9DB5C /* Resources */ = {
			isa = PBXResourcesBuildPhase;
			buildActionMask = 2147483647;
			files = (
			);
			runOnlyForDeploymentPostprocessing = 0;
		};
		1A81309B26366FCF00E9DB5C /* Resources */ = {
			isa = PBXResourcesBuildPhase;
			buildActionMask = 2147483647;
			files = (
			);
			runOnlyForDeploymentPostprocessing = 0;
		};
/* End PBXResourcesBuildPhase section */

/* Begin PBXSourcesBuildPhase section */
		1A81307526366FCD00E9DB5C /* Sources */ = {
			isa = PBXSourcesBuildPhase;
			buildActionMask = 2147483647;
			files = (
				1A8130BC2636756D00E9DB5C /* Person.swift in Sources */,
				1A81308126366FCD00E9DB5C /* ViewController.swift in Sources */,
				1A81307D26366FCD00E9DB5C /* AppDelegate.swift in Sources */,
				1A8130C12636761B00E9DB5C /* DBHelper.swift in Sources */,
				1A8130B52636720F00E9DB5C /* ItemCellTableViewCell.swift in Sources */,
				1A81307F26366FCD00E9DB5C /* SceneDelegate.swift in Sources */,
				1A81308726366FCD00E9DB5C /* DevSQLite.xcdatamodeld in Sources */,
			);
			runOnlyForDeploymentPostprocessing = 0;
		};
		1A81308E26366FCF00E9DB5C /* Sources */ = {
			isa = PBXSourcesBuildPhase;
			buildActionMask = 2147483647;
			files = (
				1A81309726366FCF00E9DB5C /* DevSQLiteTests.swift in Sources */,
			);
			runOnlyForDeploymentPostprocessing = 0;
		};
		1A81309926366FCF00E9DB5C /* Sources */ = {
			isa = PBXSourcesBuildPhase;
			buildActionMask = 2147483647;
			files = (
				1A8130A226366FCF00E9DB5C /* DevSQLiteUITests.swift in Sources */,
			);
			runOnlyForDeploymentPostprocessing = 0;
		};
/* End PBXSourcesBuildPhase section */

/* Begin PBXTargetDependency section */
		1A81309426366FCF00E9DB5C /* PBXTargetDependency */ = {
			isa = PBXTargetDependency;
			target = 1A81307826366FCD00E9DB5C /* DevSQLite */;
			targetProxy = 1A81309326366FCF00E9DB5C /* PBXContainerItemProxy */;
		};
		1A81309F26366FCF00E9DB5C /* PBXTargetDependency */ = {
			isa = PBXTargetDependency;
			target = 1A81307826366FCD00E9DB5C /* DevSQLite */;
			targetProxy = 1A81309E26366FCF00E9DB5C /* PBXContainerItemProxy */;
		};
/* End PBXTargetDependency section */

/* Begin PBXVariantGroup section */
		1A81308226366FCD00E9DB5C /* Main.storyboard */ = {
			isa = PBXVariantGroup;
			children = (
				1A81308326366FCD00E9DB5C /* Base */,
			);
			name = Main.storyboard;
			sourceTree = "<group>";
		};
		1A81308A26366FCE00E9DB5C /* LaunchScreen.storyboard */ = {
			isa = PBXVariantGroup;
			children = (
				1A81308B26366FCE00E9DB5C /* Base */,
			);
			name = LaunchScreen.storyboard;
			sourceTree = "<group>";
		};
/* End PBXVariantGroup section */

/* Begin XCBuildConfiguration section */
		1A8130A426366FCF00E9DB5C /* Debug */ = {
			isa = XCBuildConfiguration;
			buildSettings = {
				ALWAYS_SEARCH_USER_PATHS = NO;
				CLANG_ANALYZER_NONNULL = YES;
				CLANG_ANALYZER_NUMBER_OBJECT_CONVERSION = YES_AGGRESSIVE;
				CLANG_CXX_LANGUAGE_STANDARD = "gnu++14";
				CLANG_CXX_LIBRARY = "libc++";
				CLANG_ENABLE_MODULES = YES;
				CLANG_ENABLE_OBJC_ARC = YES;
				CLANG_ENABLE_OBJC_WEAK = YES;
				CLANG_WARN_BLOCK_CAPTURE_AUTORELEASING = YES;
				CLANG_WARN_BOOL_CONVERSION = YES;
				CLANG_WARN_COMMA = YES;
				CLANG_WARN_CONSTANT_CONVERSION = YES;
				CLANG_WARN_DEPRECATED_OBJC_IMPLEMENTATIONS = YES;
				CLANG_WARN_DIRECT_OBJC_ISA_USAGE = YES_ERROR;
				CLANG_WARN_DOCUMENTATION_COMMENTS = YES;
				CLANG_WARN_EMPTY_BODY = YES;
				CLANG_WARN_ENUM_CONVERSION = YES;
				CLANG_WARN_INFINITE_RECURSION = YES;
				CLANG_WARN_INT_CONVERSION = YES;
				CLANG_WARN_NON_LITERAL_NULL_CONVERSION = YES;
				CLANG_WARN_OBJC_IMPLICIT_RETAIN_SELF = YES;
				CLANG_WARN_OBJC_LITERAL_CONVERSION = YES;
				CLANG_WARN_OBJC_ROOT_CLASS = YES_ERROR;
				CLANG_WARN_QUOTED_INCLUDE_IN_FRAMEWORK_HEADER = YES;
				CLANG_WARN_RANGE_LOOP_ANALYSIS = YES;
				CLANG_WARN_STRICT_PROTOTYPES = YES;
				CLANG_WARN_SUSPICIOUS_MOVE = YES;
				CLANG_WARN_UNGUARDED_AVAILABILITY = YES_AGGRESSIVE;
				CLANG_WARN_UNREACHABLE_CODE = YES;
				CLANG_WARN__DUPLICATE_METHOD_MATCH = YES;
				COPY_PHASE_STRIP = NO;
				DEBUG_INFORMATION_FORMAT = dwarf;
				ENABLE_STRICT_OBJC_MSGSEND = YES;
				ENABLE_TESTABILITY = YES;
				GCC_C_LANGUAGE_STANDARD = gnu11;
				GCC_DYNAMIC_NO_PIC = NO;
				GCC_NO_COMMON_BLOCKS = YES;
				GCC_OPTIMIZATION_LEVEL = 0;
				GCC_PREPROCESSOR_DEFINITIONS = (
					"DEBUG=1",
					"$(inherited)",
				);
				GCC_WARN_64_TO_32_BIT_CONVERSION = YES;
				GCC_WARN_ABOUT_RETURN_TYPE = YES_ERROR;
				GCC_WARN_UNDECLARED_SELECTOR = YES;
				GCC_WARN_UNINITIALIZED_AUTOS = YES_AGGRESSIVE;
				GCC_WARN_UNUSED_FUNCTION = YES;
				GCC_WARN_UNUSED_VARIABLE = YES;
				IPHONEOS_DEPLOYMENT_TARGET = 14.0;
				MTL_ENABLE_DEBUG_INFO = INCLUDE_SOURCE;
				MTL_FAST_MATH = YES;
				ONLY_ACTIVE_ARCH = YES;
				SDKROOT = iphoneos;
				SWIFT_ACTIVE_COMPILATION_CONDITIONS = DEBUG;
				SWIFT_OPTIMIZATION_LEVEL = "-Onone";
			};
			name = Debug;
		};
		1A8130A526366FCF00E9DB5C /* Release */ = {
			isa = XCBuildConfiguration;
			buildSettings = {
				ALWAYS_SEARCH_USER_PATHS = NO;
				CLANG_ANALYZER_NONNULL = YES;
				CLANG_ANALYZER_NUMBER_OBJECT_CONVERSION = YES_AGGRESSIVE;
				CLANG_CXX_LANGUAGE_STANDARD = "gnu++14";
				CLANG_CXX_LIBRARY = "libc++";
				CLANG_ENABLE_MODULES = YES;
				CLANG_ENABLE_OBJC_ARC = YES;
				CLANG_ENABLE_OBJC_WEAK = YES;
				CLANG_WARN_BLOCK_CAPTURE_AUTORELEASING = YES;
				CLANG_WARN_BOOL_CONVERSION = YES;
				CLANG_WARN_COMMA = YES;
				CLANG_WARN_CONSTANT_CONVERSION = YES;
				CLANG_WARN_DEPRECATED_OBJC_IMPLEMENTATIONS = YES;
				CLANG_WARN_DIRECT_OBJC_ISA_USAGE = YES_ERROR;
				CLANG_WARN_DOCUMENTATION_COMMENTS = YES;
				CLANG_WARN_EMPTY_BODY = YES;
				CLANG_WARN_ENUM_CONVERSION = YES;
				CLANG_WARN_INFINITE_RECURSION = YES;
				CLANG_WARN_INT_CONVERSION = YES;
				CLANG_WARN_NON_LITERAL_NULL_CONVERSION = YES;
				CLANG_WARN_OBJC_IMPLICIT_RETAIN_SELF = YES;
				CLANG_WARN_OBJC_LITERAL_CONVERSION = YES;
				CLANG_WARN_OBJC_ROOT_CLASS = YES_ERROR;
				CLANG_WARN_QUOTED_INCLUDE_IN_FRAMEWORK_HEADER = YES;
				CLANG_WARN_RANGE_LOOP_ANALYSIS = YES;
				CLANG_WARN_STRICT_PROTOTYPES = YES;
				CLANG_WARN_SUSPICIOUS_MOVE = YES;
				CLANG_WARN_UNGUARDED_AVAILABILITY = YES_AGGRESSIVE;
				CLANG_WARN_UNREACHABLE_CODE = YES;
				CLANG_WARN__DUPLICATE_METHOD_MATCH = YES;
				COPY_PHASE_STRIP = NO;
				DEBUG_INFORMATION_FORMAT = "dwarf-with-dsym";
				ENABLE_NS_ASSERTIONS = NO;
				ENABLE_STRICT_OBJC_MSGSEND = YES;
				GCC_C_LANGUAGE_STANDARD = gnu11;
				GCC_NO_COMMON_BLOCKS = YES;
				GCC_WARN_64_TO_32_BIT_CONVERSION = YES;
				GCC_WARN_ABOUT_RETURN_TYPE = YES_ERROR;
				GCC_WARN_UNDECLARED_SELECTOR = YES;
				GCC_WARN_UNINITIALIZED_AUTOS = YES_AGGRESSIVE;
				GCC_WARN_UNUSED_FUNCTION = YES;
				GCC_WARN_UNUSED_VARIABLE = YES;
				IPHONEOS_DEPLOYMENT_TARGET = 14.0;
				MTL_ENABLE_DEBUG_INFO = NO;
				MTL_FAST_MATH = YES;
				SDKROOT = iphoneos;
				SWIFT_COMPILATION_MODE = wholemodule;
				SWIFT_OPTIMIZATION_LEVEL = "-O";
				VALIDATE_PRODUCT = YES;
			};
			name = Release;
		};
		1A8130A726366FCF00E9DB5C /* Debug */ = {
			isa = XCBuildConfiguration;
			buildSettings = {
				ASSETCATALOG_COMPILER_APPICON_NAME = AppIcon;
				ASSETCATALOG_COMPILER_GLOBAL_ACCENT_COLOR_NAME = AccentColor;
				CODE_SIGN_STYLE = Automatic;
				INFOPLIST_FILE = DevSQLite/Info.plist;
				LD_RUNPATH_SEARCH_PATHS = (
					"$(inherited)",
					"@executable_path/Frameworks",
				);
				PRODUCT_BUNDLE_IDENTIFIER = DevDemo.DevSQLite;
				PRODUCT_NAME = "$(TARGET_NAME)";
				SWIFT_VERSION = 5.0;
				TARGETED_DEVICE_FAMILY = "1,2";
			};
			name = Debug;
		};
		1A8130A826366FCF00E9DB5C /* Release */ = {
			isa = XCBuildConfiguration;
			buildSettings = {
				ASSETCATALOG_COMPILER_APPICON_NAME = AppIcon;
				ASSETCATALOG_COMPILER_GLOBAL_ACCENT_COLOR_NAME = AccentColor;
				CODE_SIGN_STYLE = Automatic;
				INFOPLIST_FILE = DevSQLite/Info.plist;
				LD_RUNPATH_SEARCH_PATHS = (
					"$(inherited)",
					"@executable_path/Frameworks",
				);
				PRODUCT_BUNDLE_IDENTIFIER = DevDemo.DevSQLite;
				PRODUCT_NAME = "$(TARGET_NAME)";
				SWIFT_VERSION = 5.0;
				TARGETED_DEVICE_FAMILY = "1,2";
			};
			name = Release;
		};
		1A8130AA26366FCF00E9DB5C /* Debug */ = {
			isa = XCBuildConfiguration;
			buildSettings = {
				ALWAYS_EMBED_SWIFT_STANDARD_LIBRARIES = YES;
				BUNDLE_LOADER = "$(TEST_HOST)";
				CODE_SIGN_STYLE = Automatic;
				INFOPLIST_FILE = DevSQLiteTests/Info.plist;
				IPHONEOS_DEPLOYMENT_TARGET = 14.0;
				LD_RUNPATH_SEARCH_PATHS = (
					"$(inherited)",
					"@executable_path/Frameworks",
					"@loader_path/Frameworks",
				);
				PRODUCT_BUNDLE_IDENTIFIER = DevDemo.DevSQLiteTests;
				PRODUCT_NAME = "$(TARGET_NAME)";
				SWIFT_VERSION = 5.0;
				TARGETED_DEVICE_FAMILY = "1,2";
				TEST_HOST = "$(BUILT_PRODUCTS_DIR)/DevSQLite.app/DevSQLite";
			};
			name = Debug;
		};
		1A8130AB26366FCF00E9DB5C /* Release */ = {
			isa = XCBuildConfiguration;
			buildSettings = {
				ALWAYS_EMBED_SWIFT_STANDARD_LIBRARIES = YES;
				BUNDLE_LOADER = "$(TEST_HOST)";
				CODE_SIGN_STYLE = Automatic;
				INFOPLIST_FILE = DevSQLiteTests/Info.plist;
				IPHONEOS_DEPLOYMENT_TARGET = 14.0;
				LD_RUNPATH_SEARCH_PATHS = (
					"$(inherited)",
					"@executable_path/Frameworks",
					"@loader_path/Frameworks",
				);
				PRODUCT_BUNDLE_IDENTIFIER = DevDemo.DevSQLiteTests;
				PRODUCT_NAME = "$(TARGET_NAME)";
				SWIFT_VERSION = 5.0;
				TARGETED_DEVICE_FAMILY = "1,2";
				TEST_HOST = "$(BUILT_PRODUCTS_DIR)/DevSQLite.app/DevSQLite";
			};
			name = Release;
		};
		1A8130AD26366FCF00E9DB5C /* Debug */ = {
			isa = XCBuildConfiguration;
			buildSettings = {
				ALWAYS_EMBED_SWIFT_STANDARD_LIBRARIES = YES;
				CODE_SIGN_STYLE = Automatic;
				INFOPLIST_FILE = DevSQLiteUITests/Info.plist;
				LD_RUNPATH_SEARCH_PATHS = (
					"$(inherited)",
					"@executable_path/Frameworks",
					"@loader_path/Frameworks",
				);
				PRODUCT_BUNDLE_IDENTIFIER = DevDemo.DevSQLiteUITests;
				PRODUCT_NAME = "$(TARGET_NAME)";
				SWIFT_VERSION = 5.0;
				TARGETED_DEVICE_FAMILY = "1,2";
				TEST_TARGET_NAME = DevSQLite;
			};
			name = Debug;
		};
		1A8130AE26366FCF00E9DB5C /* Release */ = {
			isa = XCBuildConfiguration;
			buildSettings = {
				ALWAYS_EMBED_SWIFT_STANDARD_LIBRARIES = YES;
				CODE_SIGN_STYLE = Automatic;
				INFOPLIST_FILE = DevSQLiteUITests/Info.plist;
				LD_RUNPATH_SEARCH_PATHS = (
					"$(inherited)",
					"@executable_path/Frameworks",
					"@loader_path/Frameworks",
				);
				PRODUCT_BUNDLE_IDENTIFIER = DevDemo.DevSQLiteUITests;
				PRODUCT_NAME = "$(TARGET_NAME)";
				SWIFT_VERSION = 5.0;
				TARGETED_DEVICE_FAMILY = "1,2";
				TEST_TARGET_NAME = DevSQLite;
			};
			name = Release;
		};
/* End XCBuildConfiguration section */

/* Begin XCConfigurationList section */
		1A81307426366FCD00E9DB5C /* Build configuration list for PBXProject "DevSQLite" */ = {
			isa = XCConfigurationList;
			buildConfigurations = (
				1A8130A426366FCF00E9DB5C /* Debug */,
				1A8130A526366FCF00E9DB5C /* Release */,
			);
			defaultConfigurationIsVisible = 0;
			defaultConfigurationName = Release;
		};
		1A8130A626366FCF00E9DB5C /* Build configuration list for PBXNativeTarget "DevSQLite" */ = {
			isa = XCConfigurationList;
			buildConfigurations = (
				1A8130A726366FCF00E9DB5C /* Debug */,
				1A8130A826366FCF00E9DB5C /* Release */,
			);
			defaultConfigurationIsVisible = 0;
			defaultConfigurationName = Release;
		};
		1A8130A926366FCF00E9DB5C /* Build configuration list for PBXNativeTarget "DevSQLiteTests" */ = {
			isa = XCConfigurationList;
			buildConfigurations = (
				1A8130AA26366FCF00E9DB5C /* Debug */,
				1A8130AB26366FCF00E9DB5C /* Release */,
			);
			defaultConfigurationIsVisible = 0;
			defaultConfigurationName = Release;
		};
		1A8130AC26366FCF00E9DB5C /* Build configuration list for PBXNativeTarget "DevSQLiteUITests" */ = {
			isa = XCConfigurationList;
			buildConfigurations = (
				1A8130AD26366FCF00E9DB5C /* Debug */,
				1A8130AE26366FCF00E9DB5C /* Release */,
			);
			defaultConfigurationIsVisible = 0;
			defaultConfigurationName = Release;
		};
/* End XCConfigurationList section */

/* Begin XCVersionGroup section */
		1A81308526366FCD00E9DB5C /* DevSQLite.xcdatamodeld */ = {
			isa = XCVersionGroup;
			children = (
				1A81308626366FCD00E9DB5C /* DevSQLite.xcdatamodel */,
			);
			currentVersion = 1A81308626366FCD00E9DB5C /* DevSQLite.xcdatamodel */;
			path = DevSQLite.xcdatamodeld;
			sourceTree = "<group>";
			versionGroupType = wrapper.xcdatamodel;
		};
/* End XCVersionGroup section */
	};
	rootObject = 1A81307126366FCD00E9DB5C /* Project object */;
}
